{
  "name": "Converter",
  "lockfileVersion": 3,
  "requires": true,
  "packages": {
    "": {
      "dependencies": {
        "@scalar/postman-to-openapi": "0.7.17"
      }
    },
    "node_modules/@scalar/helpers": {
      "version": "0.11.1",
      "resolved": "https://registry.npmjs.org/@scalar/helpers/-/helpers-0.11.1.tgz",
      "integrity": "sha512-Knwbe0IYqFk0PPDoOKLasqglBHfyf9/zwWWqFsSNi/AtdjM29wSZXN6p8DFid6iB5B9epYH9YiSgJ6tpD00TEw==",
      "license": "MIT",
      "engines": {
        "node": ">=22"
      }
    },
    "node_modules/@scalar/openapi-types": {
      "version": "0.9.5",
      "resolved": "https://registry.npmjs.org/@scalar/openapi-types/-/openapi-types-0.9.5.tgz",
      "integrity": "sha512-czrz/zkVm1oPzrpYo3hI/iymfiw1s4dgJiQtwNi2U77Sqf3EQOGKsif4VNRa5suWMYRuPaFx5EiFM1FNEV4Whg==",
      "license": "MIT",
      "engines": {
        "node": ">=22"
      }
    },
    "node_modules/@scalar/postman-to-openapi": {
      "version": "0.7.17",
      "resolved": "https://registry.npmjs.org/@scalar/postman-to-openapi/-/postman-to-openapi-0.7.17.tgz",
      "integrity": "sha512-EKyg7JyNJyysMy5blAy5D9WQQDLBcZieQq76kFYThrD0vfC2/7H8e3e89g5QGMRIWDXaRO/1U0Kzjja/1Uy/VQ==",
      "license": "MIT",
      "dependencies": {
        "@scalar/helpers": "0.11.1",
        "@scalar/openapi-types": "0.9.5"
      },
      "engines": {
        "node": ">=22"
      }
    }
  }
}
