{
  "name": "Converter",
  "lockfileVersion": 3,
  "requires": true,
  "packages": {
    "": {
      "dependencies": {
        "@scalar/postman-to-openapi": "0.7.18"
      }
    },
    "node_modules/@scalar/helpers": {
      "version": "0.11.2",
      "resolved": "https://registry.npmjs.org/@scalar/helpers/-/helpers-0.11.2.tgz",
      "integrity": "sha512-IgHW/hIj1XAvsPIBKiOgmK87qbyDjaQQg9S/auXU4MUtvnwKKpOeIOJc0NC71FkMdr4Mok0SSVI748cmlptoXQ==",
      "license": "MIT",
      "engines": {
        "node": ">=22"
      }
    },
    "node_modules/@scalar/openapi-types": {
      "version": "0.9.5",
      "resolved": "https://registry.npmjs.org/@scalar/openapi-types/-/openapi-types-0.9.5.tgz",
      "integrity": "sha512-czrz/zkVm1oPzrpYo3hI/iymfiw1s4dgJiQtwNi2U77Sqf3EQOGKsif4VNRa5suWMYRuPaFx5EiFM1FNEV4Whg==",
      "license": "MIT",
      "engines": {
        "node": ">=22"
      }
    },
    "node_modules/@scalar/postman-to-openapi": {
      "version": "0.7.18",
      "resolved": "https://registry.npmjs.org/@scalar/postman-to-openapi/-/postman-to-openapi-0.7.18.tgz",
      "integrity": "sha512-IPftXDIK+FwyKEVGLfPt1XWd2mpPbWA1FwY6FnTyrYU+FUTGtN4B5uwqRDiOyUv/Fk7TKvCa3sNRs9/qsrdw9w==",
      "license": "MIT",
      "dependencies": {
        "@scalar/helpers": "0.11.2",
        "@scalar/openapi-types": "0.9.5"
      },
      "engines": {
        "node": ">=22"
      }
    }
  }
}
