{
  "name": "Converter",
  "lockfileVersion": 3,
  "requires": true,
  "packages": {
    "": {
      "dependencies": {
        "@scalar/postman-to-openapi": "0.7.19"
      }
    },
    "node_modules/@scalar/helpers": {
      "version": "0.11.3",
      "resolved": "https://registry.npmjs.org/@scalar/helpers/-/helpers-0.11.3.tgz",
      "integrity": "sha512-4zPzuNTXObDUtZS93xzAoK83ddHDgBGifv/vKFe6bHqEl5i+IMLTTtEHOaaOZK4dusPEXcXsU5TBSaY/I6Mi+A==",
      "license": "MIT",
      "engines": {
        "node": ">=22"
      }
    },
    "node_modules/@scalar/openapi-types": {
      "version": "0.9.5",
      "resolved": "https://registry.npmjs.org/@scalar/openapi-types/-/openapi-types-0.9.5.tgz",
      "integrity": "sha512-czrz/zkVm1oPzrpYo3hI/iymfiw1s4dgJiQtwNi2U77Sqf3EQOGKsif4VNRa5suWMYRuPaFx5EiFM1FNEV4Whg==",
      "license": "MIT",
      "engines": {
        "node": ">=22"
      }
    },
    "node_modules/@scalar/postman-to-openapi": {
      "version": "0.7.19",
      "resolved": "https://registry.npmjs.org/@scalar/postman-to-openapi/-/postman-to-openapi-0.7.19.tgz",
      "integrity": "sha512-+mbCZmsRJ3LwwUvCcdNMeyXkmT1u1MSqcyR1VN/1PO5KHUA6DTIKeIZNlphwVb89Fl6/ULpRJK37D4tl1sK1vg==",
      "license": "MIT",
      "dependencies": {
        "@scalar/helpers": "0.11.3",
        "@scalar/openapi-types": "0.9.5"
      },
      "engines": {
        "node": ">=22"
      }
    }
  }
}
